
Microsoft Visual Studio Solution File, Format Version 12.00
# Visual Studio 15
VisualStudioVersion = 15.0.27110.0
MinimumVisualStudioVersion = 10.0.40219.1
Project("{FAE04EC0-301F-11D3-BF4B-00C04F79EFBC}") = "SharedWorkflow", "SharedWorkflow\SharedWorkflow.csproj", "{B757C2CC-9E01-44C7-A801-565B8FF387F3}"
EndProject
Global
	GlobalSection(SolutionConfigurationPlatforms) = preSolution
		Debug|Any CPU = Debug|Any CPU
		Release|Any CPU = Release|Any CPU
	EndGlobalSection
	GlobalSection(ProjectConfigurationPlatforms) = postSolution
		{B757C2CC-9E01-44C7-A801-565B8FF387F3}.Debug|Any CPU.ActiveCfg = Debug|Any CPU
		{B757C2CC-9E01-44C7-A801-565B8FF387F3}.Debug|Any CPU.Build.0 = Debug|Any CPU
		{B757C2CC-9E01-44C7-A801-565B8FF387F3}.Release|Any CPU.ActiveCfg = Release|Any CPU
		{B757C2CC-9E01-44C7-A801-565B8FF387F3}.Release|Any CPU.Build.0 = Release|Any CPU
	EndGlobalSection
	GlobalSection(SolutionProperties) = preSolution
		HideSolutionNode = FALSE
	EndGlobalSection
	GlobalSection(ExtensibilityGlobals) = postSolution
		SolutionGuid = {32136F3D-C937-45E4-99AE-53C386B2C8D7}
	EndGlobalSection
EndGlobal
